
Microsoft Visual Studio Solution File, Format Version 12.00
# Visual Studio Version 16
VisualStudioVersion = 16.0.29521.150
MinimumVisualStudioVersion = 10.0.40219.1
Project("{FAE04EC0-301F-11D3-BF4B-00C04F79EFBC}") = "ConsultaCnpjOnline", "ConsultaCnpjOnline\ConsultaCnpjOnline.csproj", "{662E806C-F3B2-4D97-90BE-3AE46442A9B6}"
EndProject
Global
	GlobalSection(SolutionConfigurationPlatforms) = preSolution
		Debug|Any CPU = Debug|Any CPU
		Release|Any CPU = Release|Any CPU
	EndGlobalSection
	GlobalSection(ProjectConfigurationPlatforms) = postSolution
		{662E806C-F3B2-4D97-90BE-3AE46442A9B6}.Debug|Any CPU.ActiveCfg = Debug|Any CPU
		{662E806C-F3B2-4D97-90BE-3AE46442A9B6}.Debug|Any CPU.Build.0 = Debug|Any CPU
		{662E806C-F3B2-4D97-90BE-3AE46442A9B6}.Release|Any CPU.ActiveCfg = Release|Any CPU
		{662E806C-F3B2-4D97-90BE-3AE46442A9B6}.Release|Any CPU.Build.0 = Release|Any CPU
	EndGlobalSection
	GlobalSection(SolutionProperties) = preSolution
		HideSolutionNode = FALSE
	EndGlobalSection
	GlobalSection(ExtensibilityGlobals) = postSolution
		SolutionGuid = {512E5CCE-12AD-464A-B4E7-313B2E43B308}
	EndGlobalSection
EndGlobal
